// !$*UTF8*$!
{
	archiveVersion = 1;
	classes = {
	};
	objectVersion = 55;
	objects = {

/* Begin PBXBuildFile section */
		A443A3DC28A1080700D66CBF /* AppDelegate.swift in Sources */ = {isa = PBXBuildFile; fileRef = A443A3DB28A1080700D66CBF /* AppDelegate.swift */; };
		A443A3DE28A1080700D66CBF /* SceneDelegate.swift in Sources */ = {isa = PBXBuildFile; fileRef = A443A3DD28A1080700D66CBF /* SceneDelegate.swift */; };
		A443A3E028A1080700D66CBF /* ViewController.swift in Sources */ = {isa = PBXBuildFile; fileRef = A443A3DF28A1080700D66CBF /* ViewController.swift */; };
		A443A3E328A1080700D66CBF /* Main.storyboard in Resources */ = {isa = PBXBuildFile; fileRef = A443A3E128A1080700D66CBF /* Main.storyboard */; };
		A443A3E528A1080B00D66CBF /* Assets.xcassets in Resources */ = {isa = PBXBuildFile; fileRef = A443A3E428A1080B00D66CBF /* Assets.xcassets */; };
		A443A3E828A1080B00D66CBF /* LaunchScreen.storyboard in Resources */ = {isa = PBXBuildFile; fileRef = A443A3E628A1080B00D66CBF /* LaunchScreen.storyboard */; };
		A443A3F028A10C8300D66CBF /* ViewController+ViewDidLoad.swift in Sources */ = {isa = PBXBuildFile; fileRef = A443A3EF28A10C8300D66CBF /* ViewController+ViewDidLoad.swift */; };
		A443A3F228A1126F00D66CBF /* BillViewController.swift in Sources */ = {isa = PBXBuildFile; fileRef = A443A3F128A1126F00D66CBF /* BillViewController.swift */; };
		A443A3F428A118D400D66CBF /* ViewController+TipActions.swift in Sources */ = {isa = PBXBuildFile; fileRef = A443A3F328A118D400D66CBF /* ViewController+TipActions.swift */; };
		A443A3F628A1196500D66CBF /* BillViewController+ViewDidLoad.swift in Sources */ = {isa = PBXBuildFile; fileRef = A443A3F528A1196500D66CBF /* BillViewController+ViewDidLoad.swift */; };
		A443A3F828A11B1D00D66CBF /* BillViewController+ConfigureUIs.swift in Sources */ = {isa = PBXBuildFile; fileRef = A443A3F728A11B1D00D66CBF /* BillViewController+ConfigureUIs.swift */; };
		A443A3FA28A1288500D66CBF /* ViewController+ConfigureUIs.swift in Sources */ = {isa = PBXBuildFile; fileRef = A443A3F928A1288500D66CBF /* ViewController+ConfigureUIs.swift */; };
		A443A3FE28A1459000D66CBF /* tip.png in Resources */ = {isa = PBXBuildFile; fileRef = A443A3FD28A1458F00D66CBF /* tip.png */; };
/* End PBXBuildFile section */

/* Begin PBXFileReference section */
		A443A3D828A1080700D66CBF /* TipCalculator.app */ = {isa = PBXFileReference; explicitFileType = wrapper.application; includeInIndex = 0; path = TipCalculator.app; sourceTree = BUILT_PRODUCTS_DIR; };
		A443A3DB28A1080700D66CBF /* AppDelegate.swift */ = {isa = PBXFileReference; lastKnownFileType = sourcecode.swift; path = AppDelegate.swift; sourceTree = "<group>"; };
		A443A3DD28A1080700D66CBF /* SceneDelegate.swift */ = {isa = PBXFileReference; lastKnownFileType = sourcecode.swift; path = SceneDelegate.swift; sourceTree = "<group>"; };
		A443A3DF28A1080700D66CBF /* ViewController.swift */ = {isa = PBXFileReference; lastKnownFileType = sourcecode.swift; path = ViewController.swift; sourceTree = "<group>"; };
		A443A3E228A1080700D66CBF /* Base */ = {isa = PBXFileReference; lastKnownFileType = file.storyboard; name = Base; path = Base.lproj/Main.storyboard; sourceTree = "<group>"; };
		A443A3E428A1080B00D66CBF /* Assets.xcassets */ = {isa = PBXFileReference; lastKnownFileType = folder.assetcatalog; path = Assets.xcassets; sourceTree = "<group>"; };
		A443A3E728A1080B00D66CBF /* Base */ = {isa = PBXFileReference; lastKnownFileType = file.storyboard; name = Base; path = Base.lproj/LaunchScreen.storyboard; sourceTree = "<group>"; };
		A443A3E928A1080B00D66CBF /* Info.plist */ = {isa = PBXFileReference; lastKnownFileType = text.plist.xml; path = Info.plist; sourceTree = "<group>"; };
		A443A3EF28A10C8300D66CBF /* ViewController+ViewDidLoad.swift */ = {isa = PBXFileReference; lastKnownFileType = sourcecode.swift; path = "ViewController+ViewDidLoad.swift"; sourceTree = "<group>"; };
		A443A3F128A1126F00D66CBF /* BillViewController.swift */ = {isa = PBXFileReference; lastKnownFileType = sourcecode.swift; path = BillViewController.swift; sourceTree = "<group>"; };
		A443A3F328A118D400D66CBF /* ViewController+TipActions.swift */ = {isa = PBXFileReference; lastKnownFileType = sourcecode.swift; path = "ViewController+TipActions.swift"; sourceTree = "<group>"; };
		A443A3F528A1196500D66CBF /* BillViewController+ViewDidLoad.swift */ = {isa = PBXFileReference; lastKnownFileType = sourcecode.swift; path = "BillViewController+ViewDidLoad.swift"; sourceTree = "<group>"; };
		A443A3F728A11B1D00D66CBF /* BillViewController+ConfigureUIs.swift */ = {isa = PBXFileReference; lastKnownFileType = sourcecode.swift; path = "BillViewController+ConfigureUIs.swift"; sourceTree = "<group>"; };
		A443A3F928A1288500D66CBF /* ViewController+ConfigureUIs.swift */ = {isa = PBXFileReference; lastKnownFileType = sourcecode.swift; path = "ViewController+ConfigureUIs.swift"; sourceTree = "<group>"; };
		A443A3FD28A1458F00D66CBF /* tip.png */ = {isa = PBXFileReference; lastKnownFileType = image.png; path = tip.png; sourceTree = "<group>"; };
/* End PBXFileReference section */

/* Begin PBXFrameworksBuildPhase section */
		A443A3D528A1080700D66CBF /* Frameworks */ = {
			isa = PBXFrameworksBuildPhase;
			buildActionMask = 2147483647;
			files = (
			);
			runOnlyForDeploymentPostprocessing = 0;
		};
/* End PBXFrameworksBuildPhase section */

/* Begin PBXGroup section */
		A443A3CF28A1080700D66CBF = {
			isa = PBXGroup;
			children = (
				A443A3FD28A1458F00D66CBF /* tip.png */,
				A443A3DA28A1080700D66CBF /* TipCalculator */,
				A443A3D928A1080700D66CBF /* Products */,
			);
			sourceTree = "<group>";
		};
		A443A3D928A1080700D66CBF /* Products */ = {
			isa = PBXGroup;
			children = (
				A443A3D828A1080700D66CBF /* TipCalculator.app */,
			);
			name = Products;
			sourceTree = "<group>";
		};
		A443A3DA28A1080700D66CBF /* TipCalculator */ = {
			isa = PBXGroup;
			children = (
				A443A3FC28A13BBC00D66CBF /* ViewController */,
				A443A3FB28A13BAE00D66CBF /* BillViewController */,
				A443A3DB28A1080700D66CBF /* AppDelegate.swift */,
				A443A3DD28A1080700D66CBF /* SceneDelegate.swift */,
				A443A3E128A1080700D66CBF /* Main.storyboard */,
				A443A3E428A1080B00D66CBF /* Assets.xcassets */,
				A443A3E628A1080B00D66CBF /* LaunchScreen.storyboard */,
				A443A3E928A1080B00D66CBF /* Info.plist */,
			);
			path = TipCalculator;
			sourceTree = "<group>";
		};
		A443A3FB28A13BAE00D66CBF /* BillViewController */ = {
			isa = PBXGroup;
			children = (
				A443A3F128A1126F00D66CBF /* BillViewController.swift */,
				A443A3F728A11B1D00D66CBF /* BillViewController+ConfigureUIs.swift */,
				A443A3F528A1196500D66CBF /* BillViewController+ViewDidLoad.swift */,
			);
			path = BillViewController;
			sourceTree = "<group>";
		};
		A443A3FC28A13BBC00D66CBF /* ViewController */ = {
			isa = PBXGroup;
			children = (
				A443A3DF28A1080700D66CBF /* ViewController.swift */,
				A443A3F328A118D400D66CBF /* ViewController+TipActions.swift */,
				A443A3F928A1288500D66CBF /* ViewController+ConfigureUIs.swift */,
				A443A3EF28A10C8300D66CBF /* ViewController+ViewDidLoad.swift */,
			);
			path = ViewController;
			sourceTree = "<group>";
		};
/* End PBXGroup section */

/* Begin PBXNativeTarget section */
		A443A3D728A1080700D66CBF /* TipCalculator */ = {
			isa = PBXNativeTarget;
			buildConfigurationList = A443A3EC28A1080B00D66CBF /* Build configuration list for PBXNativeTarget "TipCalculator" */;
			buildPhases = (
				A443A3D428A1080700D66CBF /* Sources */,
				A443A3D528A1080700D66CBF /* Frameworks */,
				A443A3D628A1080700D66CBF /* Resources */,
			);
			buildRules = (
			);
			dependencies = (
			);
			name = TipCalculator;
			productName = TipCalculator;
			productReference = A443A3D828A1080700D66CBF /* TipCalculator.app */;
			productType = "com.apple.product-type.application";
		};
/* End PBXNativeTarget section */

/* Begin PBXProject section */
		A443A3D028A1080700D66CBF /* Project object */ = {
			isa = PBXProject;
			attributes = {
				BuildIndependentTargetsInParallel = 1;
				LastSwiftUpdateCheck = 1340;
				LastUpgradeCheck = 1340;
				TargetAttributes = {
					A443A3D728A1080700D66CBF = {
						CreatedOnToolsVersion = 13.4.1;
					};
				};
			};
			buildConfigurationList = A443A3D328A1080700D66CBF /* Build configuration list for PBXProject "TipCalculator" */;
			compatibilityVersion = "Xcode 13.0";
			developmentRegion = en;
			hasScannedForEncodings = 0;
			knownRegions = (
				en,
				Base,
			);
			mainGroup = A443A3CF28A1080700D66CBF;
			productRefGroup = A443A3D928A1080700D66CBF /* Products */;
			projectDirPath = "";
			projectRoot = "";
			targets = (
				A443A3D728A1080700D66CBF /* TipCalculator */,
			);
		};
/* End PBXProject section */

/* Begin PBXResourcesBuildPhase section */
		A443A3D628A1080700D66CBF /* Resources */ = {
			isa = PBXResourcesBuildPhase;
			buildActionMask = 2147483647;
			files = (
				A443A3E828A1080B00D66CBF /* LaunchScreen.storyboard in Resources */,
				A443A3E528A1080B00D66CBF /* Assets.xcassets in Resources */,
				A443A3E328A1080700D66CBF /* Main.storyboard in Resources */,
				A443A3FE28A1459000D66CBF /* tip.png in Resources */,
			);
			runOnlyForDeploymentPostprocessing = 0;
		};
/* End PBXResourcesBuildPhase section */

/* Begin PBXSourcesBuildPhase section */
		A443A3D428A1080700D66CBF /* Sources */ = {
			isa = PBXSourcesBuildPhase;
			buildActionMask = 2147483647;
			files = (
				A443A3F828A11B1D00D66CBF /* BillViewController+ConfigureUIs.swift in Sources */,
				A443A3F428A118D400D66CBF /* ViewController+TipActions.swift in Sources */,
				A443A3F628A1196500D66CBF /* BillViewController+ViewDidLoad.swift in Sources */,
				A443A3E028A1080700D66CBF /* ViewController.swift in Sources */,
				A443A3FA28A1288500D66CBF /* ViewController+ConfigureUIs.swift in Sources */,
				A443A3DC28A1080700D66CBF /* AppDelegate.swift in Sources */,
				A443A3F228A1126F00D66CBF /* BillViewController.swift in Sources */,
				A443A3F028A10C8300D66CBF /* ViewController+ViewDidLoad.swift in Sources */,
				A443A3DE28A1080700D66CBF /* SceneDelegate.swift in Sources */,
			);
			runOnlyForDeploymentPostprocessing = 0;
		};
/* End PBXSourcesBuildPhase section */

/* Begin PBXVariantGroup section */
		A443A3E128A1080700D66CBF /* Main.storyboard */ = {
			isa = PBXVariantGroup;
			children = (
				A443A3E228A1080700D66CBF /* Base */,
			);
			name = Main.storyboard;
			sourceTree = "<group>";
		};
		A443A3E628A1080B00D66CBF /* LaunchScreen.storyboard */ = {
			isa = PBXVariantGroup;
			children = (
				A443A3E728A1080B00D66CBF /* Base */,
			);
			name = LaunchScreen.storyboard;
			sourceTree = "<group>";
		};
/* End PBXVariantGroup section */

/* Begin XCBuildConfiguration section */
		A443A3EA28A1080B00D66CBF /* Debug */ = {
			isa = XCBuildConfiguration;
			buildSettings = {
				ALWAYS_SEARCH_USER_PATHS = NO;
				CLANG_ANALYZER_NONNULL = YES;
				CLANG_ANALYZER_NUMBER_OBJECT_CONVERSION = YES_AGGRESSIVE;
				CLANG_CXX_LANGUAGE_STANDARD = "gnu++17";
				CLANG_ENABLE_MODULES = YES;
				CLANG_ENABLE_OBJC_ARC = YES;
				CLANG_ENABLE_OBJC_WEAK = YES;
				CLANG_WARN_BLOCK_CAPTURE_AUTORELEASING = YES;
				CLANG_WARN_BOOL_CONVERSION = YES;
				CLANG_WARN_COMMA = YES;
				CLANG_WARN_CONSTANT_CONVERSION = YES;
				CLANG_WARN_DEPRECATED_OBJC_IMPLEMENTATIONS = YES;
				CLANG_WARN_DIRECT_OBJC_ISA_USAGE = YES_ERROR;
				CLANG_WARN_DOCUMENTATION_COMMENTS = YES;
				CLANG_WARN_EMPTY_BODY = YES;
				CLANG_WARN_ENUM_CONVERSION = YES;
				CLANG_WARN_INFINITE_RECURSION = YES;
				CLANG_WARN_INT_CONVERSION = YES;
				CLANG_WARN_NON_LITERAL_NULL_CONVERSION = YES;
				CLANG_WARN_OBJC_IMPLICIT_RETAIN_SELF = YES;
				CLANG_WARN_OBJC_LITERAL_CONVERSION = YES;
				CLANG_WARN_OBJC_ROOT_CLASS = YES_ERROR;
				CLANG_WARN_QUOTED_INCLUDE_IN_FRAMEWORK_HEADER = YES;
				CLANG_WARN_RANGE_LOOP_ANALYSIS = YES;
				CLANG_WARN_STRICT_PROTOTYPES = YES;
				CLANG_WARN_SUSPICIOUS_MOVE = YES;
				CLANG_WARN_UNGUARDED_AVAILABILITY = YES_AGGRESSIVE;
				CLANG_WARN_UNREACHABLE_CODE = YES;
				CLANG_WARN__DUPLICATE_METHOD_MATCH = YES;
				COPY_PHASE_STRIP = NO;
				DEBUG_INFORMATION_FORMAT = dwarf;
				ENABLE_STRICT_OBJC_MSGSEND = YES;
				ENABLE_TESTABILITY = YES;
				GCC_C_LANGUAGE_STANDARD = gnu11;
				GCC_DYNAMIC_NO_PIC = NO;
				GCC_NO_COMMON_BLOCKS = YES;
				GCC_OPTIMIZATION_LEVEL = 0;
				GCC_PREPROCESSOR_DEFINITIONS = (
					"DEBUG=1",
					"$(inherited)",
				);
				GCC_WARN_64_TO_32_BIT_CONVERSION = YES;
				GCC_WARN_ABOUT_RETURN_TYPE = YES_ERROR;
				GCC_WARN_UNDECLARED_SELECTOR = YES;
				GCC_WARN_UNINITIALIZED_AUTOS = YES_AGGRESSIVE;
				GCC_WARN_UNUSED_FUNCTION = YES;
				GCC_WARN_UNUSED_VARIABLE = YES;
				IPHONEOS_DEPLOYMENT_TARGET = 15.5;
				MTL_ENABLE_DEBUG_INFO = INCLUDE_SOURCE;
				MTL_FAST_MATH = YES;
				ONLY_ACTIVE_ARCH = YES;
				SDKROOT = iphoneos;
				SWIFT_ACTIVE_COMPILATION_CONDITIONS = DEBUG;
				SWIFT_OPTIMIZATION_LEVEL = "-Onone";
			};
			name = Debug;
		};
		A443A3EB28A1080B00D66CBF /* Release */ = {
			isa = XCBuildConfiguration;
			buildSettings = {
				ALWAYS_SEARCH_USER_PATHS = NO;
				CLANG_ANALYZER_NONNULL = YES;
				CLANG_ANALYZER_NUMBER_OBJECT_CONVERSION = YES_AGGRESSIVE;
				CLANG_CXX_LANGUAGE_STANDARD = "gnu++17";
				CLANG_ENABLE_MODULES = YES;
				CLANG_ENABLE_OBJC_ARC = YES;
				CLANG_ENABLE_OBJC_WEAK = YES;
				CLANG_WARN_BLOCK_CAPTURE_AUTORELEASING = YES;
				CLANG_WARN_BOOL_CONVERSION = YES;
				CLANG_WARN_COMMA = YES;
				CLANG_WARN_CONSTANT_CONVERSION = YES;
				CLANG_WARN_DEPRECATED_OBJC_IMPLEMENTATIONS = YES;
				CLANG_WARN_DIRECT_OBJC_ISA_USAGE = YES_ERROR;
				CLANG_WARN_DOCUMENTATION_COMMENTS = YES;
				CLANG_WARN_EMPTY_BODY = YES;
				CLANG_WARN_ENUM_CONVERSION = YES;
				CLANG_WARN_INFINITE_RECURSION = YES;
				CLANG_WARN_INT_CONVERSION = YES;
				CLANG_WARN_NON_LITERAL_NULL_CONVERSION = YES;
				CLANG_WARN_OBJC_IMPLICIT_RETAIN_SELF = YES;
				CLANG_WARN_OBJC_LITERAL_CONVERSION = YES;
				CLANG_WARN_OBJC_ROOT_CLASS = YES_ERROR;
				CLANG_WARN_QUOTED_INCLUDE_IN_FRAMEWORK_HEADER = YES;
				CLANG_WARN_RANGE_LOOP_ANALYSIS = YES;
				CLANG_WARN_STRICT_PROTOTYPES = YES;
				CLANG_WARN_SUSPICIOUS_MOVE = YES;
				CLANG_WARN_UNGUARDED_AVAILABILITY = YES_AGGRESSIVE;
				CLANG_WARN_UNREACHABLE_CODE = YES;
				CLANG_WARN__DUPLICATE_METHOD_MATCH = YES;
				COPY_PHASE_STRIP = NO;
				DEBUG_INFORMATION_FORMAT = "dwarf-with-dsym";
				ENABLE_NS_ASSERTIONS = NO;
				ENABLE_STRICT_OBJC_MSGSEND = YES;
				GCC_C_LANGUAGE_STANDARD = gnu11;
				GCC_NO_COMMON_BLOCKS = YES;
				GCC_WARN_64_TO_32_BIT_CONVERSION = YES;
				GCC_WARN_ABOUT_RETURN_TYPE = YES_ERROR;
				GCC_WARN_UNDECLARED_SELECTOR = YES;
				GCC_WARN_UNINITIALIZED_AUTOS = YES_AGGRESSIVE;
				GCC_WARN_UNUSED_FUNCTION = YES;
				GCC_WARN_UNUSED_VARIABLE = YES;
				IPHONEOS_DEPLOYMENT_TARGET = 15.5;
				MTL_ENABLE_DEBUG_INFO = NO;
				MTL_FAST_MATH = YES;
				SDKROOT = iphoneos;
				SWIFT_COMPILATION_MODE = wholemodule;
				SWIFT_OPTIMIZATION_LEVEL = "-O";
				VALIDATE_PRODUCT = YES;
			};
			name = Release;
		};
		A443A3ED28A1080B00D66CBF /* Debug */ = {
			isa = XCBuildConfiguration;
			buildSettings = {
				ASSETCATALOG_COMPILER_APPICON_NAME = AppIcon;
				ASSETCATALOG_COMPILER_GLOBAL_ACCENT_COLOR_NAME = AccentColor;
				CODE_SIGN_STYLE = Automatic;
				CURRENT_PROJECT_VERSION = 1;
				DEVELOPMENT_TEAM = YCQ2KCMFJZ;
				GENERATE_INFOPLIST_FILE = YES;
				INFOPLIST_FILE = TipCalculator/Info.plist;
				INFOPLIST_KEY_UIApplicationSupportsIndirectInputEvents = YES;
				INFOPLIST_KEY_UILaunchStoryboardName = LaunchScreen;
				INFOPLIST_KEY_UIMainStoryboardFile = Main;
				INFOPLIST_KEY_UISupportedInterfaceOrientations_iPad = "UIInterfaceOrientationPortrait UIInterfaceOrientationPortraitUpsideDown UIInterfaceOrientationLandscapeLeft UIInterfaceOrientationLandscapeRight";
				INFOPLIST_KEY_UISupportedInterfaceOrientations_iPhone = "UIInterfaceOrientationPortrait UIInterfaceOrientationLandscapeLeft UIInterfaceOrientationLandscapeRight";
				LD_RUNPATH_SEARCH_PATHS = (
					"$(inherited)",
					"@executable_path/Frameworks",
				);
				MARKETING_VERSION = 1.0;
				PRODUCT_BUNDLE_IDENTIFIER = tuanlm.TipCalculator;
				PRODUCT_NAME = "$(TARGET_NAME)";
				SWIFT_EMIT_LOC_STRINGS = YES;
				SWIFT_VERSION = 5.0;
				TARGETED_DEVICE_FAMILY = "1,2";
			};
			name = Debug;
		};
		A443A3EE28A1080B00D66CBF /* Release */ = {
			isa = XCBuildConfiguration;
			buildSettings = {
				ASSETCATALOG_COMPILER_APPICON_NAME = AppIcon;
				ASSETCATALOG_COMPILER_GLOBAL_ACCENT_COLOR_NAME = AccentColor;
				CODE_SIGN_STYLE = Automatic;
				CURRENT_PROJECT_VERSION = 1;
				DEVELOPMENT_TEAM = YCQ2KCMFJZ;
				GENERATE_INFOPLIST_FILE = YES;
				INFOPLIST_FILE = TipCalculator/Info.plist;
				INFOPLIST_KEY_UIApplicationSupportsIndirectInputEvents = YES;
				INFOPLIST_KEY_UILaunchStoryboardName = LaunchScreen;
				INFOPLIST_KEY_UIMainStoryboardFile = Main;
				INFOPLIST_KEY_UISupportedInterfaceOrientations_iPad = "UIInterfaceOrientationPortrait UIInterfaceOrientationPortraitUpsideDown UIInterfaceOrientationLandscapeLeft UIInterfaceOrientationLandscapeRight";
				INFOPLIST_KEY_UISupportedInterfaceOrientations_iPhone = "UIInterfaceOrientationPortrait UIInterfaceOrientationLandscapeLeft UIInterfaceOrientationLandscapeRight";
				LD_RUNPATH_SEARCH_PATHS = (
					"$(inherited)",
					"@executable_path/Frameworks",
				);
				MARKETING_VERSION = 1.0;
				PRODUCT_BUNDLE_IDENTIFIER = tuanlm.TipCalculator;
				PRODUCT_NAME = "$(TARGET_NAME)";
				SWIFT_EMIT_LOC_STRINGS = YES;
				SWIFT_VERSION = 5.0;
				TARGETED_DEVICE_FAMILY = "1,2";
			};
			name = Release;
		};
/* End XCBuildConfiguration section */

/* Begin XCConfigurationList section */
		A443A3D328A1080700D66CBF /* Build configuration list for PBXProject "TipCalculator" */ = {
			isa = XCConfigurationList;
			buildConfigurations = (
				A443A3EA28A1080B00D66CBF /* Debug */,
				A443A3EB28A1080B00D66CBF /* Release */,
			);
			defaultConfigurationIsVisible = 0;
			defaultConfigurationName = Release;
		};
		A443A3EC28A1080B00D66CBF /* Build configuration list for PBXNativeTarget "TipCalculator" */ = {
			isa = XCConfigurationList;
			buildConfigurations = (
				A443A3ED28A1080B00D66CBF /* Debug */,
				A443A3EE28A1080B00D66CBF /* Release */,
			);
			defaultConfigurationIsVisible = 0;
			defaultConfigurationName = Release;
		};
/* End XCConfigurationList section */
	};
	rootObject = A443A3D028A1080700D66CBF /* Project object */;
}
